
Microsoft Visual Studio Solution File, Format Version 12.00
# Visual Studio 2013
VisualStudioVersion = 12.0.21005.1
MinimumVisualStudioVersion = 10.0.40219.1
Project("{B1E792BE-AA5F-4E3C-8C82-674BF9C0715B}") = "TwinCAT Project2", "TwinCAT Project2\TwinCAT Project2.tsproj", "{6948B1CB-0433-495C-8CFC-0777EA2A5E54}"
EndProject
Global
	GlobalSection(SolutionConfigurationPlatforms) = preSolution
		Debug|TwinCAT CE7 (ARMV7) = Debug|TwinCAT CE7 (ARMV7)
		Debug|TwinCAT OS (ARMT2) = Debug|TwinCAT OS (ARMT2)
		Debug|TwinCAT RT (x64) = Debug|TwinCAT RT (x64)
		Debug|TwinCAT RT (x86) = Debug|TwinCAT RT (x86)
		Release|TwinCAT CE7 (ARMV7) = Release|TwinCAT CE7 (ARMV7)
		Release|TwinCAT OS (ARMT2) = Release|TwinCAT OS (ARMT2)
		Release|TwinCAT RT (x64) = Release|TwinCAT RT (x64)
		Release|TwinCAT RT (x86) = Release|TwinCAT RT (x86)
	EndGlobalSection
	GlobalSection(ProjectConfigurationPlatforms) = postSolution
		{6948B1CB-0433-495C-8CFC-0777EA2A5E54}.Debug|TwinCAT CE7 (ARMV7).ActiveCfg = Debug|TwinCAT CE7 (ARMV7)
		{6948B1CB-0433-495C-8CFC-0777EA2A5E54}.Debug|TwinCAT CE7 (ARMV7).Build.0 = Debug|TwinCAT CE7 (ARMV7)
		{6948B1CB-0433-495C-8CFC-0777EA2A5E54}.Debug|TwinCAT OS (ARMT2).ActiveCfg = Debug|TwinCAT OS (ARMT2)
		{6948B1CB-0433-495C-8CFC-0777EA2A5E54}.Debug|TwinCAT OS (ARMT2).Build.0 = Debug|TwinCAT OS (ARMT2)
		{6948B1CB-0433-495C-8CFC-0777EA2A5E54}.Debug|TwinCAT RT (x64).ActiveCfg = Debug|TwinCAT RT (x64)
		{6948B1CB-0433-495C-8CFC-0777EA2A5E54}.Debug|TwinCAT RT (x64).Build.0 = Debug|TwinCAT RT (x64)
		{6948B1CB-0433-495C-8CFC-0777EA2A5E54}.Debug|TwinCAT RT (x86).ActiveCfg = Debug|TwinCAT RT (x86)
		{6948B1CB-0433-495C-8CFC-0777EA2A5E54}.Debug|TwinCAT RT (x86).Build.0 = Debug|TwinCAT RT (x86)
		{6948B1CB-0433-495C-8CFC-0777EA2A5E54}.Release|TwinCAT CE7 (ARMV7).ActiveCfg = Release|TwinCAT CE7 (ARMV7)
		{6948B1CB-0433-495C-8CFC-0777EA2A5E54}.Release|TwinCAT CE7 (ARMV7).Build.0 = Release|TwinCAT CE7 (ARMV7)
		{6948B1CB-0433-495C-8CFC-0777EA2A5E54}.Release|TwinCAT OS (ARMT2).ActiveCfg = Release|TwinCAT OS (ARMT2)
		{6948B1CB-0433-495C-8CFC-0777EA2A5E54}.Release|TwinCAT OS (ARMT2).Build.0 = Release|TwinCAT OS (ARMT2)
		{6948B1CB-0433-495C-8CFC-0777EA2A5E54}.Release|TwinCAT RT (x64).ActiveCfg = Release|TwinCAT RT (x64)
		{6948B1CB-0433-495C-8CFC-0777EA2A5E54}.Release|TwinCAT RT (x64).Build.0 = Release|TwinCAT RT (x64)
		{6948B1CB-0433-495C-8CFC-0777EA2A5E54}.Release|TwinCAT RT (x86).ActiveCfg = Release|TwinCAT RT (x86)
		{6948B1CB-0433-495C-8CFC-0777EA2A5E54}.Release|TwinCAT RT (x86).Build.0 = Release|TwinCAT RT (x86)
		{67EFBD56-FEB1-4A59-9EA3-C02D9291FA41}.Debug|TwinCAT CE7 (ARMV7).ActiveCfg = Debug|TwinCAT CE7 (ARMV7)
		{67EFBD56-FEB1-4A59-9EA3-C02D9291FA41}.Debug|TwinCAT CE7 (ARMV7).Build.0 = Debug|TwinCAT CE7 (ARMV7)
		{67EFBD56-FEB1-4A59-9EA3-C02D9291FA41}.Debug|TwinCAT OS (ARMT2).ActiveCfg = Debug|TwinCAT OS (ARMT2)
		{67EFBD56-FEB1-4A59-9EA3-C02D9291FA41}.Debug|TwinCAT OS (ARMT2).Build.0 = Debug|TwinCAT OS (ARMT2)
		{67EFBD56-FEB1-4A59-9EA3-C02D9291FA41}.Debug|TwinCAT RT (x64).ActiveCfg = Debug|TwinCAT RT (x64)
		{67EFBD56-FEB1-4A59-9EA3-C02D9291FA41}.Debug|TwinCAT RT (x64).Build.0 = Debug|TwinCAT RT (x64)
		{67EFBD56-FEB1-4A59-9EA3-C02D9291FA41}.Debug|TwinCAT RT (x86).ActiveCfg = Debug|TwinCAT RT (x86)
		{67EFBD56-FEB1-4A59-9EA3-C02D9291FA41}.Debug|TwinCAT RT (x86).Build.0 = Debug|TwinCAT RT (x86)
		{67EFBD56-FEB1-4A59-9EA3-C02D9291FA41}.Release|TwinCAT CE7 (ARMV7).ActiveCfg = Release|TwinCAT CE7 (ARMV7)
		{67EFBD56-FEB1-4A59-9EA3-C02D9291FA41}.Release|TwinCAT CE7 (ARMV7).Build.0 = Release|TwinCAT CE7 (ARMV7)
		{67EFBD56-FEB1-4A59-9EA3-C02D9291FA41}.Release|TwinCAT OS (ARMT2).ActiveCfg = Release|TwinCAT OS (ARMT2)
		{67EFBD56-FEB1-4A59-9EA3-C02D9291FA41}.Release|TwinCAT OS (ARMT2).Build.0 = Release|TwinCAT OS (ARMT2)
		{67EFBD56-FEB1-4A59-9EA3-C02D9291FA41}.Release|TwinCAT RT (x64).ActiveCfg = Release|TwinCAT RT (x64)
		{67EFBD56-FEB1-4A59-9EA3-C02D9291FA41}.Release|TwinCAT RT (x64).Build.0 = Release|TwinCAT RT (x64)
		{67EFBD56-FEB1-4A59-9EA3-C02D9291FA41}.Release|TwinCAT RT (x86).ActiveCfg = Release|TwinCAT RT (x86)
		{67EFBD56-FEB1-4A59-9EA3-C02D9291FA41}.Release|TwinCAT RT (x86).Build.0 = Release|TwinCAT RT (x86)
	EndGlobalSection
	GlobalSection(SolutionProperties) = preSolution
		HideSolutionNode = FALSE
	EndGlobalSection
EndGlobal
