
Microsoft Visual Studio Solution File, Format Version 12.00
# Visual Studio 2013
VisualStudioVersion = 12.0.21005.1
MinimumVisualStudioVersion = 10.0.40219.1
Project("{B1E792BE-AA5F-4E3C-8C82-674BF9C0715B}") = "ModbusTCP_WriteRegister", "ModbusTCP_WriteRegister\ModbusTCP_WriteRegister.tsproj", "{4B116186-DBFA-4198-A138-6BE592DB5687}"
EndProject
Global
	GlobalSection(SolutionConfigurationPlatforms) = preSolution
		Debug|TwinCAT CE7 (ARMV7) = Debug|TwinCAT CE7 (ARMV7)
		Debug|TwinCAT OS (ARMT2) = Debug|TwinCAT OS (ARMT2)
		Debug|TwinCAT RT (x64) = Debug|TwinCAT RT (x64)
		Debug|TwinCAT RT (x86) = Debug|TwinCAT RT (x86)
		Release|TwinCAT CE7 (ARMV7) = Release|TwinCAT CE7 (ARMV7)
		Release|TwinCAT OS (ARMT2) = Release|TwinCAT OS (ARMT2)
		Release|TwinCAT RT (x64) = Release|TwinCAT RT (x64)
		Release|TwinCAT RT (x86) = Release|TwinCAT RT (x86)
	EndGlobalSection
	GlobalSection(ProjectConfigurationPlatforms) = postSolution
		{4B116186-DBFA-4198-A138-6BE592DB5687}.Debug|TwinCAT CE7 (ARMV7).ActiveCfg = Debug|TwinCAT CE7 (ARMV7)
		{4B116186-DBFA-4198-A138-6BE592DB5687}.Debug|TwinCAT CE7 (ARMV7).Build.0 = Debug|TwinCAT CE7 (ARMV7)
		{4B116186-DBFA-4198-A138-6BE592DB5687}.Debug|TwinCAT OS (ARMT2).ActiveCfg = Debug|TwinCAT OS (ARMT2)
		{4B116186-DBFA-4198-A138-6BE592DB5687}.Debug|TwinCAT OS (ARMT2).Build.0 = Debug|TwinCAT OS (ARMT2)
		{4B116186-DBFA-4198-A138-6BE592DB5687}.Debug|TwinCAT RT (x64).ActiveCfg = Debug|TwinCAT RT (x64)
		{4B116186-DBFA-4198-A138-6BE592DB5687}.Debug|TwinCAT RT (x64).Build.0 = Debug|TwinCAT RT (x64)
		{4B116186-DBFA-4198-A138-6BE592DB5687}.Debug|TwinCAT RT (x86).ActiveCfg = Debug|TwinCAT RT (x86)
		{4B116186-DBFA-4198-A138-6BE592DB5687}.Debug|TwinCAT RT (x86).Build.0 = Debug|TwinCAT RT (x86)
		{4B116186-DBFA-4198-A138-6BE592DB5687}.Release|TwinCAT CE7 (ARMV7).ActiveCfg = Release|TwinCAT CE7 (ARMV7)
		{4B116186-DBFA-4198-A138-6BE592DB5687}.Release|TwinCAT CE7 (ARMV7).Build.0 = Release|TwinCAT CE7 (ARMV7)
		{4B116186-DBFA-4198-A138-6BE592DB5687}.Release|TwinCAT OS (ARMT2).ActiveCfg = Release|TwinCAT OS (ARMT2)
		{4B116186-DBFA-4198-A138-6BE592DB5687}.Release|TwinCAT OS (ARMT2).Build.0 = Release|TwinCAT OS (ARMT2)
		{4B116186-DBFA-4198-A138-6BE592DB5687}.Release|TwinCAT RT (x64).ActiveCfg = Release|TwinCAT RT (x64)
		{4B116186-DBFA-4198-A138-6BE592DB5687}.Release|TwinCAT RT (x64).Build.0 = Release|TwinCAT RT (x64)
		{4B116186-DBFA-4198-A138-6BE592DB5687}.Release|TwinCAT RT (x86).ActiveCfg = Release|TwinCAT RT (x86)
		{4B116186-DBFA-4198-A138-6BE592DB5687}.Release|TwinCAT RT (x86).Build.0 = Release|TwinCAT RT (x86)
		{1589254D-A8DA-43CD-A78C-F47CAEFF4EB8}.Debug|TwinCAT CE7 (ARMV7).ActiveCfg = Debug|TwinCAT CE7 (ARMV7)
		{1589254D-A8DA-43CD-A78C-F47CAEFF4EB8}.Debug|TwinCAT CE7 (ARMV7).Build.0 = Debug|TwinCAT CE7 (ARMV7)
		{1589254D-A8DA-43CD-A78C-F47CAEFF4EB8}.Debug|TwinCAT OS (ARMT2).ActiveCfg = Debug|TwinCAT OS (ARMT2)
		{1589254D-A8DA-43CD-A78C-F47CAEFF4EB8}.Debug|TwinCAT OS (ARMT2).Build.0 = Debug|TwinCAT OS (ARMT2)
		{1589254D-A8DA-43CD-A78C-F47CAEFF4EB8}.Debug|TwinCAT RT (x64).ActiveCfg = Debug|TwinCAT RT (x64)
		{1589254D-A8DA-43CD-A78C-F47CAEFF4EB8}.Debug|TwinCAT RT (x64).Build.0 = Debug|TwinCAT RT (x64)
		{1589254D-A8DA-43CD-A78C-F47CAEFF4EB8}.Debug|TwinCAT RT (x86).ActiveCfg = Debug|TwinCAT RT (x86)
		{1589254D-A8DA-43CD-A78C-F47CAEFF4EB8}.Debug|TwinCAT RT (x86).Build.0 = Debug|TwinCAT RT (x86)
		{1589254D-A8DA-43CD-A78C-F47CAEFF4EB8}.Release|TwinCAT CE7 (ARMV7).ActiveCfg = Release|TwinCAT CE7 (ARMV7)
		{1589254D-A8DA-43CD-A78C-F47CAEFF4EB8}.Release|TwinCAT CE7 (ARMV7).Build.0 = Release|TwinCAT CE7 (ARMV7)
		{1589254D-A8DA-43CD-A78C-F47CAEFF4EB8}.Release|TwinCAT OS (ARMT2).ActiveCfg = Release|TwinCAT OS (ARMT2)
		{1589254D-A8DA-43CD-A78C-F47CAEFF4EB8}.Release|TwinCAT OS (ARMT2).Build.0 = Release|TwinCAT OS (ARMT2)
		{1589254D-A8DA-43CD-A78C-F47CAEFF4EB8}.Release|TwinCAT RT (x64).ActiveCfg = Release|TwinCAT RT (x64)
		{1589254D-A8DA-43CD-A78C-F47CAEFF4EB8}.Release|TwinCAT RT (x64).Build.0 = Release|TwinCAT RT (x64)
		{1589254D-A8DA-43CD-A78C-F47CAEFF4EB8}.Release|TwinCAT RT (x86).ActiveCfg = Release|TwinCAT RT (x86)
		{1589254D-A8DA-43CD-A78C-F47CAEFF4EB8}.Release|TwinCAT RT (x86).Build.0 = Release|TwinCAT RT (x86)
	EndGlobalSection
	GlobalSection(SolutionProperties) = preSolution
		HideSolutionNode = FALSE
	EndGlobalSection
EndGlobal
